
Microsoft Visual Studio Solution File, Format Version 12.00
# Visual Studio Version 17
VisualStudioVersion = 17.13.35825.156 d17.13
MinimumVisualStudioVersion = 10.0.40219.1
Project("{FAE04EC0-301F-11D3-BF4B-00C04F79EFBC}") = "DipolConsoleApp", "DipolConsoleApp\DipolConsoleApp.csproj", "{31AA524B-087A-414E-BFAA-0F34CB53E8A3}"
EndProject
Global
	GlobalSection(SolutionConfigurationPlatforms) = preSolution
		Debug|Any CPU = Debug|Any CPU
		Release|Any CPU = Release|Any CPU
	EndGlobalSection
	GlobalSection(ProjectConfigurationPlatforms) = postSolution
		{31AA524B-087A-414E-BFAA-0F34CB53E8A3}.Debug|Any CPU.ActiveCfg = Debug|Any CPU
		{31AA524B-087A-414E-BFAA-0F34CB53E8A3}.Debug|Any CPU.Build.0 = Debug|Any CPU
		{31AA524B-087A-414E-BFAA-0F34CB53E8A3}.Release|Any CPU.ActiveCfg = Release|Any CPU
		{31AA524B-087A-414E-BFAA-0F34CB53E8A3}.Release|Any CPU.Build.0 = Release|Any CPU
	EndGlobalSection
	GlobalSection(SolutionProperties) = preSolution
		HideSolutionNode = FALSE
	EndGlobalSection
	GlobalSection(ExtensibilityGlobals) = postSolution
		SolutionGuid = {2CC62DFC-1B28-4FD5-902F-F0E1B80D1B47}
	EndGlobalSection
EndGlobal
